{
  "name": "sales-inquiry-app",
  "version": "1.0.0",
  "lockfileVersion": 3,
  "requires": true,
  "packages": {
    "": {
      "name": "sales-inquiry-app",
      "version": "1.0.0",
      "license": "MIT",
      "dependencies": {
        "sales-inquiry-app": "file:"
      },
      "engines": {
        "node": ">=20.0.0"
      }
    },
    "node_modules/sales-inquiry-app": {
      "resolved": "",
      "link": true
    }
  }
}
